
Microsoft Visual Studio Solution File, Format Version 12.00
# Visual Studio Version 17
VisualStudioVersion = 17.4.33110.190
MinimumVisualStudioVersion = 10.0.40219.1
Project("{9A19103F-16F7-4668-BE54-9A1E7A4F7556}") = "Zadanie3_1", "Zadanie3_1\Zadanie3_1.csproj", "{AFC5377B-0A4E-443D-9AE8-5ABF1465D438}"
EndProject
Global
	GlobalSection(SolutionConfigurationPlatforms) = preSolution
		Debug|Any CPU = Debug|Any CPU
		Release|Any CPU = Release|Any CPU
	EndGlobalSection
	GlobalSection(ProjectConfigurationPlatforms) = postSolution
		{AFC5377B-0A4E-443D-9AE8-5ABF1465D438}.Debug|Any CPU.ActiveCfg = Debug|Any CPU
		{AFC5377B-0A4E-443D-9AE8-5ABF1465D438}.Debug|Any CPU.Build.0 = Debug|Any CPU
		{AFC5377B-0A4E-443D-9AE8-5ABF1465D438}.Release|Any CPU.ActiveCfg = Release|Any CPU
		{AFC5377B-0A4E-443D-9AE8-5ABF1465D438}.Release|Any CPU.Build.0 = Release|Any CPU
	EndGlobalSection
	GlobalSection(SolutionProperties) = preSolution
		HideSolutionNode = FALSE
	EndGlobalSection
	GlobalSection(ExtensibilityGlobals) = postSolution
		SolutionGuid = {86907C58-3705-4BD8-9D0F-76B6DCB1B766}
	EndGlobalSection
EndGlobal
